// !$*UTF8*$!
{
	archiveVersion = 1;
	classes = {
	};
	objectVersion = 46;
	objects = {

/* Begin PBXBuildFile section */
		48E25EC81BE0BED000202BAE /* main.m in Sources */ = {isa = PBXBuildFile; fileRef = 48E25EC71BE0BED000202BAE /* main.m */; };
		48E25ECB1BE0BED000202BAE /* AppDelegate.m in Sources */ = {isa = PBXBuildFile; fileRef = 48E25ECA1BE0BED000202BAE /* AppDelegate.m */; };
		48E25ECE1BE0BED000202BAE /* ViewController.m in Sources */ = {isa = PBXBuildFile; fileRef = 48E25ECD1BE0BED000202BAE /* ViewController.m */; };
		48E25ED11BE0BED000202BAE /* Main.storyboard in Resources */ = {isa = PBXBuildFile; fileRef = 48E25ECF1BE0BED000202BAE /* Main.storyboard */; };
		48E25ED31BE0BED000202BAE /* Assets.xcassets in Resources */ = {isa = PBXBuildFile; fileRef = 48E25ED21BE0BED000202BAE /* Assets.xcassets */; };
		48E25ED61BE0BED000202BAE /* LaunchScreen.storyboard in Resources */ = {isa = PBXBuildFile; fileRef = 48E25ED41BE0BED000202BAE /* LaunchScreen.storyboard */; };
		48E25EE11BE0BED000202BAE /* ImaginariumTests.m in Sources */ = {isa = PBXBuildFile; fileRef = 48E25EE01BE0BED000202BAE /* ImaginariumTests.m */; };
		48E25EEC1BE0BED000202BAE /* ImaginariumUITests.m in Sources */ = {isa = PBXBuildFile; fileRef = 48E25EEB1BE0BED000202BAE /* ImaginariumUITests.m */; };
/* End PBXBuildFile section */

/* Begin PBXContainerItemProxy section */
		48E25EDD1BE0BED000202BAE /* PBXContainerItemProxy */ = {
			isa = PBXContainerItemProxy;
			containerPortal = 48E25EBB1BE0BED000202BAE /* Project object */;
			proxyType = 1;
			remoteGlobalIDString = 48E25EC21BE0BED000202BAE;
			remoteInfo = Imaginarium;
		};
		48E25EE81BE0BED000202BAE /* PBXContainerItemProxy */ = {
			isa = PBXContainerItemProxy;
			containerPortal = 48E25EBB1BE0BED000202BAE /* Project object */;
			proxyType = 1;
			remoteGlobalIDString = 48E25EC21BE0BED000202BAE;
			remoteInfo = Imaginarium;
		};
/* End PBXContainerItemProxy section */

/* Begin PBXFileReference section */
		48E25EC31BE0BED000202BAE /* Imaginarium.app */ = {isa = PBXFileReference; explicitFileType = wrapper.application; includeInIndex = 0; path = Imaginarium.app; sourceTree = BUILT_PRODUCTS_DIR; };
		48E25EC71BE0BED000202BAE /* main.m */ = {isa = PBXFileReference; lastKnownFileType = sourcecode.c.objc; path = main.m; sourceTree = "<group>"; };
		48E25EC91BE0BED000202BAE /* AppDelegate.h */ = {isa = PBXFileReference; lastKnownFileType = sourcecode.c.h; path = AppDelegate.h; sourceTree = "<group>"; };
		48E25ECA1BE0BED000202BAE /* AppDelegate.m */ = {isa = PBXFileReference; lastKnownFileType = sourcecode.c.objc; path = AppDelegate.m; sourceTree = "<group>"; };
		48E25ECC1BE0BED000202BAE /* ViewController.h */ = {isa = PBXFileReference; lastKnownFileType = sourcecode.c.h; path = ViewController.h; sourceTree = "<group>"; };
		48E25ECD1BE0BED000202BAE /* ViewController.m */ = {isa = PBXFileReference; lastKnownFileType = sourcecode.c.objc; path = ViewController.m; sourceTree = "<group>"; };
		48E25ED01BE0BED000202BAE /* Base */ = {isa = PBXFileReference; lastKnownFileType = file.storyboard; name = Base; path = Base.lproj/Main.storyboard; sourceTree = "<group>"; };
		48E25ED21BE0BED000202BAE /* Assets.xcassets */ = {isa = PBXFileReference; lastKnownFileType = folder.assetcatalog; path = Assets.xcassets; sourceTree = "<group>"; };
		48E25ED51BE0BED000202BAE /* Base */ = {isa = PBXFileReference; lastKnownFileType = file.storyboard; name = Base; path = Base.lproj/LaunchScreen.storyboard; sourceTree = "<group>"; };
		48E25ED71BE0BED000202BAE /* Info.plist */ = {isa = PBXFileReference; lastKnownFileType = text.plist.xml; path = Info.plist; sourceTree = "<group>"; };
		48E25EDC1BE0BED000202BAE /* ImaginariumTests.xctest */ = {isa = PBXFileReference; explicitFileType = wrapper.cfbundle; includeInIndex = 0; path = ImaginariumTests.xctest; sourceTree = BUILT_PRODUCTS_DIR; };
		48E25EE01BE0BED000202BAE /* ImaginariumTests.m */ = {isa = PBXFileReference; lastKnownFileType = sourcecode.c.objc; path = ImaginariumTests.m; sourceTree = "<group>"; };
		48E25EE21BE0BED000202BAE /* Info.plist */ = {isa = PBXFileReference; lastKnownFileType = text.plist.xml; path = Info.plist; sourceTree = "<group>"; };
		48E25EE71BE0BED000202BAE /* ImaginariumUITests.xctest */ = {isa = PBXFileReference; explicitFileType = wrapper.cfbundle; includeInIndex = 0; path = ImaginariumUITests.xctest; sourceTree = BUILT_PRODUCTS_DIR; };
		48E25EEB1BE0BED000202BAE /* ImaginariumUITests.m */ = {isa = PBXFileReference; lastKnownFileType = sourcecode.c.objc; path = ImaginariumUITests.m; sourceTree = "<group>"; };
		48E25EED1BE0BED000202BAE /* Info.plist */ = {isa = PBXFileReference; lastKnownFileType = text.plist.xml; path = Info.plist; sourceTree = "<group>"; };
/* End PBXFileReference section */

/* Begin PBXFrameworksBuildPhase section */
		48E25EC01BE0BED000202BAE /* Frameworks */ = {
			isa = PBXFrameworksBuildPhase;
			buildActionMask = 2147483647;
			files = (
			);
			runOnlyForDeploymentPostprocessing = 0;
		};
		48E25ED91BE0BED000202BAE /* Frameworks */ = {
			isa = PBXFrameworksBuildPhase;
			buildActionMask = 2147483647;
			files = (
			);
			runOnlyForDeploymentPostprocessing = 0;
		};
		48E25EE41BE0BED000202BAE /* Frameworks */ = {
			isa = PBXFrameworksBuildPhase;
			buildActionMask = 2147483647;
			files = (
			);
			runOnlyForDeploymentPostprocessing = 0;
		};
/* End PBXFrameworksBuildPhase section */

/* Begin PBXGroup section */
		48E25EBA1BE0BED000202BAE = {
			isa = PBXGroup;
			children = (
				48E25EC51BE0BED000202BAE /* Imaginarium */,
				48E25EDF1BE0BED000202BAE /* ImaginariumTests */,
				48E25EEA1BE0BED000202BAE /* ImaginariumUITests */,
				48E25EC41BE0BED000202BAE /* Products */,
			);
			sourceTree = "<group>";
		};
		48E25EC41BE0BED000202BAE /* Products */ = {
			isa = PBXGroup;
			children = (
				48E25EC31BE0BED000202BAE /* Imaginarium.app */,
				48E25EDC1BE0BED000202BAE /* ImaginariumTests.xctest */,
				48E25EE71BE0BED000202BAE /* ImaginariumUITests.xctest */,
			);
			name = Products;
			sourceTree = "<group>";
		};
		48E25EC51BE0BED000202BAE /* Imaginarium */ = {
			isa = PBXGroup;
			children = (
				48E25EC91BE0BED000202BAE /* AppDelegate.h */,
				48E25ECA1BE0BED000202BAE /* AppDelegate.m */,
				48E25ECC1BE0BED000202BAE /* ViewController.h */,
				48E25ECD1BE0BED000202BAE /* ViewController.m */,
				48E25ECF1BE0BED000202BAE /* Main.storyboard */,
				48E25ED21BE0BED000202BAE /* Assets.xcassets */,
				48E25ED41BE0BED000202BAE /* LaunchScreen.storyboard */,
				48E25ED71BE0BED000202BAE /* Info.plist */,
				48E25EC61BE0BED000202BAE /* Supporting Files */,
			);
			path = Imaginarium;
			sourceTree = "<group>";
		};
		48E25EC61BE0BED000202BAE /* Supporting Files */ = {
			isa = PBXGroup;
			children = (
				48E25EC71BE0BED000202BAE /* main.m */,
			);
			name = "Supporting Files";
			sourceTree = "<group>";
		};
		48E25EDF1BE0BED000202BAE /* ImaginariumTests */ = {
			isa = PBXGroup;
			children = (
				48E25EE01BE0BED000202BAE /* ImaginariumTests.m */,
				48E25EE21BE0BED000202BAE /* Info.plist */,
			);
			path = ImaginariumTests;
			sourceTree = "<group>";
		};
		48E25EEA1BE0BED000202BAE /* ImaginariumUITests */ = {
			isa = PBXGroup;
			children = (
				48E25EEB1BE0BED000202BAE /* ImaginariumUITests.m */,
				48E25EED1BE0BED000202BAE /* Info.plist */,
			);
			path = ImaginariumUITests;
			sourceTree = "<group>";
		};
/* End PBXGroup section */

/* Begin PBXNativeTarget section */
		48E25EC21BE0BED000202BAE /* Imaginarium */ = {
			isa = PBXNativeTarget;
			buildConfigurationList = 48E25EF01BE0BED000202BAE /* Build configuration list for PBXNativeTarget "Imaginarium" */;
			buildPhases = (
				48E25EBF1BE0BED000202BAE /* Sources */,
				48E25EC01BE0BED000202BAE /* Frameworks */,
				48E25EC11BE0BED000202BAE /* Resources */,
			);
			buildRules = (
			);
			dependencies = (
			);
			name = Imaginarium;
			productName = Imaginarium;
			productReference = 48E25EC31BE0BED000202BAE /* Imaginarium.app */;
			productType = "com.apple.product-type.application";
		};
		48E25EDB1BE0BED000202BAE /* ImaginariumTests */ = {
			isa = PBXNativeTarget;
			buildConfigurationList = 48E25EF31BE0BED000202BAE /* Build configuration list for PBXNativeTarget "ImaginariumTests" */;
			buildPhases = (
				48E25ED81BE0BED000202BAE /* Sources */,
				48E25ED91BE0BED000202BAE /* Frameworks */,
				48E25EDA1BE0BED000202BAE /* Resources */,
			);
			buildRules = (
			);
			dependencies = (
				48E25EDE1BE0BED000202BAE /* PBXTargetDependency */,
			);
			name = ImaginariumTests;
			productName = ImaginariumTests;
			productReference = 48E25EDC1BE0BED000202BAE /* ImaginariumTests.xctest */;
			productType = "com.apple.product-type.bundle.unit-test";
		};
		48E25EE61BE0BED000202BAE /* ImaginariumUITests */ = {
			isa = PBXNativeTarget;
			buildConfigurationList = 48E25EF61BE0BED000202BAE /* Build configuration list for PBXNativeTarget "ImaginariumUITests" */;
			buildPhases = (
				48E25EE31BE0BED000202BAE /* Sources */,
				48E25EE41BE0BED000202BAE /* Frameworks */,
				48E25EE51BE0BED000202BAE /* Resources */,
			);
			buildRules = (
			);
			dependencies = (
				48E25EE91BE0BED000202BAE /* PBXTargetDependency */,
			);
			name = ImaginariumUITests;
			productName = ImaginariumUITests;
			productReference = 48E25EE71BE0BED000202BAE /* ImaginariumUITests.xctest */;
			productType = "com.apple.product-type.bundle.ui-testing";
		};
/* End PBXNativeTarget section */

/* Begin PBXProject section */
		48E25EBB1BE0BED000202BAE /* Project object */ = {
			isa = PBXProject;
			attributes = {
				LastUpgradeCheck = 0710;
				ORGANIZATIONNAME = ZhengMu;
				TargetAttributes = {
					48E25EC21BE0BED000202BAE = {
						CreatedOnToolsVersion = 7.1;
					};
					48E25EDB1BE0BED000202BAE = {
						CreatedOnToolsVersion = 7.1;
						TestTargetID = 48E25EC21BE0BED000202BAE;
					};
					48E25EE61BE0BED000202BAE = {
						CreatedOnToolsVersion = 7.1;
						TestTargetID = 48E25EC21BE0BED000202BAE;
					};
				};
			};
			buildConfigurationList = 48E25EBE1BE0BED000202BAE /* Build configuration list for PBXProject "Imaginarium" */;
			compatibilityVersion = "Xcode 3.2";
			developmentRegion = English;
			hasScannedForEncodings = 0;
			knownRegions = (
				en,
				Base,
			);
			mainGroup = 48E25EBA1BE0BED000202BAE;
			productRefGroup = 48E25EC41BE0BED000202BAE /* Products */;
			projectDirPath = "";
			projectRoot = "";
			targets = (
				48E25EC21BE0BED000202BAE /* Imaginarium */,
				48E25EDB1BE0BED000202BAE /* ImaginariumTests */,
				48E25EE61BE0BED000202BAE /* ImaginariumUITests */,
			);
		};
/* End PBXProject section */

/* Begin PBXResourcesBuildPhase section */
		48E25EC11BE0BED000202BAE /* Resources */ = {
			isa = PBXResourcesBuildPhase;
			buildActionMask = 2147483647;
			files = (
				48E25ED61BE0BED000202BAE /* LaunchScreen.storyboard in Resources */,
				48E25ED31BE0BED000202BAE /* Assets.xcassets in Resources */,
				48E25ED11BE0BED000202BAE /* Main.storyboard in Resources */,
			);
			runOnlyForDeploymentPostprocessing = 0;
		};
		48E25EDA1BE0BED000202BAE /* Resources */ = {
			isa = PBXResourcesBuildPhase;
			buildActionMask = 2147483647;
			files = (
			);
			runOnlyForDeploymentPostprocessing = 0;
		};
		48E25EE51BE0BED000202BAE /* Resources */ = {
			isa = PBXResourcesBuildPhase;
			buildActionMask = 2147483647;
			files = (
			);
			runOnlyForDeploymentPostprocessing = 0;
		};
/* End PBXResourcesBuildPhase section */

/* Begin PBXSourcesBuildPhase section */
		48E25EBF1BE0BED000202BAE /* Sources */ = {
			isa = PBXSourcesBuildPhase;
			buildActionMask = 2147483647;
			files = (
				48E25ECE1BE0BED000202BAE /* ViewController.m in Sources */,
				48E25ECB1BE0BED000202BAE /* AppDelegate.m in Sources */,
				48E25EC81BE0BED000202BAE /* main.m in Sources */,
			);
			runOnlyForDeploymentPostprocessing = 0;
		};
		48E25ED81BE0BED000202BAE /* Sources */ = {
			isa = PBXSourcesBuildPhase;
			buildActionMask = 2147483647;
			files = (
				48E25EE11BE0BED000202BAE /* ImaginariumTests.m in Sources */,
			);
			runOnlyForDeploymentPostprocessing = 0;
		};
		48E25EE31BE0BED000202BAE /* Sources */ = {
			isa = PBXSourcesBuildPhase;
			buildActionMask = 2147483647;
			files = (
				48E25EEC1BE0BED000202BAE /* ImaginariumUITests.m in Sources */,
			);
			runOnlyForDeploymentPostprocessing = 0;
		};
/* End PBXSourcesBuildPhase section */

/* Begin PBXTargetDependency section */
		48E25EDE1BE0BED000202BAE /* PBXTargetDependency */ = {
			isa = PBXTargetDependency;
			target = 48E25EC21BE0BED000202BAE /* Imaginarium */;
			targetProxy = 48E25EDD1BE0BED000202BAE /* PBXContainerItemProxy */;
		};
		48E25EE91BE0BED000202BAE /* PBXTargetDependency */ = {
			isa = PBXTargetDependency;
			target = 48E25EC21BE0BED000202BAE /* Imaginarium */;
			targetProxy = 48E25EE81BE0BED000202BAE /* PBXContainerItemProxy */;
		};
/* End PBXTargetDependency section */

/* Begin PBXVariantGroup section */
		48E25ECF1BE0BED000202BAE /* Main.storyboard */ = {
			isa = PBXVariantGroup;
			children = (
				48E25ED01BE0BED000202BAE /* Base */,
			);
			name = Main.storyboard;
			sourceTree = "<group>";
		};
		48E25ED41BE0BED000202BAE /* LaunchScreen.storyboard */ = {
			isa = PBXVariantGroup;
			children = (
				48E25ED51BE0BED000202BAE /* Base */,
			);
			name = LaunchScreen.storyboard;
			sourceTree = "<group>";
		};
/* End PBXVariantGroup section */

/* Begin XCBuildConfiguration section */
		48E25EEE1BE0BED000202BAE /* Debug */ = {
			isa = XCBuildConfiguration;
			buildSettings = {
				ALWAYS_SEARCH_USER_PATHS = NO;
				CLANG_CXX_LANGUAGE_STANDARD = "gnu++0x";
				CLANG_CXX_LIBRARY = "libc++";
				CLANG_ENABLE_MODULES = YES;
				CLANG_ENABLE_OBJC_ARC = YES;
				CLANG_WARN_BOOL_CONVERSION = YES;
				CLANG_WARN_CONSTANT_CONVERSION = YES;
				CLANG_WARN_DIRECT_OBJC_ISA_USAGE = YES_ERROR;
				CLANG_WARN_EMPTY_BODY = YES;
				CLANG_WARN_ENUM_CONVERSION = YES;
				CLANG_WARN_INT_CONVERSION = YES;
				CLANG_WARN_OBJC_ROOT_CLASS = YES_ERROR;
				CLANG_WARN_UNREACHABLE_CODE = YES;
				CLANG_WARN__DUPLICATE_METHOD_MATCH = YES;
				"CODE_SIGN_IDENTITY[sdk=iphoneos*]" = "iPhone Developer";
				COPY_PHASE_STRIP = NO;
				DEBUG_INFORMATION_FORMAT = dwarf;
				ENABLE_STRICT_OBJC_MSGSEND = YES;
				ENABLE_TESTABILITY = YES;
				GCC_C_LANGUAGE_STANDARD = gnu99;
				GCC_DYNAMIC_NO_PIC = NO;
				GCC_NO_COMMON_BLOCKS = YES;
				GCC_OPTIMIZATION_LEVEL = 0;
				GCC_PREPROCESSOR_DEFINITIONS = (
					"DEBUG=1",
					"$(inherited)",
				);
				GCC_WARN_64_TO_32_BIT_CONVERSION = YES;
				GCC_WARN_ABOUT_RETURN_TYPE = YES_ERROR;
				GCC_WARN_UNDECLARED_SELECTOR = YES;
				GCC_WARN_UNINITIALIZED_AUTOS = YES_AGGRESSIVE;
				GCC_WARN_UNUSED_FUNCTION = YES;
				GCC_WARN_UNUSED_VARIABLE = YES;
				IPHONEOS_DEPLOYMENT_TARGET = 9.1;
				MTL_ENABLE_DEBUG_INFO = YES;
				ONLY_ACTIVE_ARCH = YES;
				SDKROOT = iphoneos;
			};
			name = Debug;
		};
		48E25EEF1BE0BED000202BAE /* Release */ = {
			isa = XCBuildConfiguration;
			buildSettings = {
				ALWAYS_SEARCH_USER_PATHS = NO;
				CLANG_CXX_LANGUAGE_STANDARD = "gnu++0x";
				CLANG_CXX_LIBRARY = "libc++";
				CLANG_ENABLE_MODULES = YES;
				CLANG_ENABLE_OBJC_ARC = YES;
				CLANG_WARN_BOOL_CONVERSION = YES;
				CLANG_WARN_CONSTANT_CONVERSION = YES;
				CLANG_WARN_DIRECT_OBJC_ISA_USAGE = YES_ERROR;
				CLANG_WARN_EMPTY_BODY = YES;
				CLANG_WARN_ENUM_CONVERSION = YES;
				CLANG_WARN_INT_CONVERSION = YES;
				CLANG_WARN_OBJC_ROOT_CLASS = YES_ERROR;
				CLANG_WARN_UNREACHABLE_CODE = YES;
				CLANG_WARN__DUPLICATE_METHOD_MATCH = YES;
				"CODE_SIGN_IDENTITY[sdk=iphoneos*]" = "iPhone Developer";
				COPY_PHASE_STRIP = NO;
				DEBUG_INFORMATION_FORMAT = "dwarf-with-dsym";
				ENABLE_NS_ASSERTIONS = NO;
				ENABLE_STRICT_OBJC_MSGSEND = YES;
				GCC_C_LANGUAGE_STANDARD = gnu99;
				GCC_NO_COMMON_BLOCKS = YES;
				GCC_WARN_64_TO_32_BIT_CONVERSION = YES;
				GCC_WARN_ABOUT_RETURN_TYPE = YES_ERROR;
				GCC_WARN_UNDECLARED_SELECTOR = YES;
				GCC_WARN_UNINITIALIZED_AUTOS = YES_AGGRESSIVE;
				GCC_WARN_UNUSED_FUNCTION = YES;
				GCC_WARN_UNUSED_VARIABLE = YES;
				IPHONEOS_DEPLOYMENT_TARGET = 9.1;
				MTL_ENABLE_DEBUG_INFO = NO;
				SDKROOT = iphoneos;
				VALIDATE_PRODUCT = YES;
			};
			name = Release;
		};
		48E25EF11BE0BED000202BAE /* Debug */ = {
			isa = XCBuildConfiguration;
			buildSettings = {
				ASSETCATALOG_COMPILER_APPICON_NAME = AppIcon;
				INFOPLIST_FILE = Imaginarium/Info.plist;
				LD_RUNPATH_SEARCH_PATHS = "$(inherited) @executable_path/Frameworks";
				PRODUCT_BUNDLE_IDENTIFIER = com.TrendWood.Imaginarium;
				PRODUCT_NAME = "$(TARGET_NAME)";
			};
			name = Debug;
		};
		48E25EF21BE0BED000202BAE /* Release */ = {
			isa = XCBuildConfiguration;
			buildSettings = {
				ASSETCATALOG_COMPILER_APPICON_NAME = AppIcon;
				INFOPLIST_FILE = Imaginarium/Info.plist;
				LD_RUNPATH_SEARCH_PATHS = "$(inherited) @executable_path/Frameworks";
				PRODUCT_BUNDLE_IDENTIFIER = com.TrendWood.Imaginarium;
				PRODUCT_NAME = "$(TARGET_NAME)";
			};
			name = Release;
		};
		48E25EF41BE0BED000202BAE /* Debug */ = {
			isa = XCBuildConfiguration;
			buildSettings = {
				BUNDLE_LOADER = "$(TEST_HOST)";
				INFOPLIST_FILE = ImaginariumTests/Info.plist;
				LD_RUNPATH_SEARCH_PATHS = "$(inherited) @executable_path/Frameworks @loader_path/Frameworks";
				PRODUCT_BUNDLE_IDENTIFIER = com.TrendWood.ImaginariumTests;
				PRODUCT_NAME = "$(TARGET_NAME)";
				TEST_HOST = "$(BUILT_PRODUCTS_DIR)/Imaginarium.app/Imaginarium";
			};
			name = Debug;
		};
		48E25EF51BE0BED000202BAE /* Release */ = {
			isa = XCBuildConfiguration;
			buildSettings = {
				BUNDLE_LOADER = "$(TEST_HOST)";
				INFOPLIST_FILE = ImaginariumTests/Info.plist;
				LD_RUNPATH_SEARCH_PATHS = "$(inherited) @executable_path/Frameworks @loader_path/Frameworks";
				PRODUCT_BUNDLE_IDENTIFIER = com.TrendWood.ImaginariumTests;
				PRODUCT_NAME = "$(TARGET_NAME)";
				TEST_HOST = "$(BUILT_PRODUCTS_DIR)/Imaginarium.app/Imaginarium";
			};
			name = Release;
		};
		48E25EF71BE0BED000202BAE /* Debug */ = {
			isa = XCBuildConfiguration;
			buildSettings = {
				INFOPLIST_FILE = ImaginariumUITests/Info.plist;
				LD_RUNPATH_SEARCH_PATHS = "$(inherited) @executable_path/Frameworks @loader_path/Frameworks";
				PRODUCT_BUNDLE_IDENTIFIER = com.TrendWood.ImaginariumUITests;
				PRODUCT_NAME = "$(TARGET_NAME)";
				TEST_TARGET_NAME = Imaginarium;
				USES_XCTRUNNER = YES;
			};
			name = Debug;
		};
		48E25EF81BE0BED000202BAE /* Release */ = {
			isa = XCBuildConfiguration;
			buildSettings = {
				INFOPLIST_FILE = ImaginariumUITests/Info.plist;
				LD_RUNPATH_SEARCH_PATHS = "$(inherited) @executable_path/Frameworks @loader_path/Frameworks";
				PRODUCT_BUNDLE_IDENTIFIER = com.TrendWood.ImaginariumUITests;
				PRODUCT_NAME = "$(TARGET_NAME)";
				TEST_TARGET_NAME = Imaginarium;
				USES_XCTRUNNER = YES;
			};
			name = Release;
		};
/* End XCBuildConfiguration section */

/* Begin XCConfigurationList section */
		48E25EBE1BE0BED000202BAE /* Build configuration list for PBXProject "Imaginarium" */ = {
			isa = XCConfigurationList;
			buildConfigurations = (
				48E25EEE1BE0BED000202BAE /* Debug */,
				48E25EEF1BE0BED000202BAE /* Release */,
			);
			defaultConfigurationIsVisible = 0;
			defaultConfigurationName = Release;
		};
		48E25EF01BE0BED000202BAE /* Build configuration list for PBXNativeTarget "Imaginarium" */ = {
			isa = XCConfigurationList;
			buildConfigurations = (
				48E25EF11BE0BED000202BAE /* Debug */,
				48E25EF21BE0BED000202BAE /* Release */,
			);
			defaultConfigurationIsVisible = 0;
		};
		48E25EF31BE0BED000202BAE /* Build configuration list for PBXNativeTarget "ImaginariumTests" */ = {
			isa = XCConfigurationList;
			buildConfigurations = (
				48E25EF41BE0BED000202BAE /* Debug */,
				48E25EF51BE0BED000202BAE /* Release */,
			);
			defaultConfigurationIsVisible = 0;
		};
		48E25EF61BE0BED000202BAE /* Build configuration list for PBXNativeTarget "ImaginariumUITests" */ = {
			isa = XCConfigurationList;
			buildConfigurations = (
				48E25EF71BE0BED000202BAE /* Debug */,
				48E25EF81BE0BED000202BAE /* Release */,
			);
			defaultConfigurationIsVisible = 0;
		};
/* End XCConfigurationList section */
	};
	rootObject = 48E25EBB1BE0BED000202BAE /* Project object */;
}
